
Microsoft Visual Studio Solution File, Format Version 12.00
# Visual Studio 15
VisualStudioVersion = 15.0.27130.2027
MinimumVisualStudioVersion = 10.0.40219.1
Project("{FAE04EC0-301F-11D3-BF4B-00C04F79EFBC}") = "prjCreational", "prjCreational\prjCreational.csproj", "{735F5142-7CF9-473A-9D6C-B0754DA571CA}"
EndProject
Project("{FAE04EC0-301F-11D3-BF4B-00C04F79EFBC}") = "prjStructural", "prjStructural\prjStructural.csproj", "{E9C17E82-3578-4502-BADC-D91D0C653A96}"
EndProject
Project("{FAE04EC0-301F-11D3-BF4B-00C04F79EFBC}") = "prjBehavioral", "prjBehavioral\prjBehavioral.csproj", "{EEFA9C36-3426-406F-8A85-7B6CB71E225F}"
EndProject
Global
	GlobalSection(SolutionConfigurationPlatforms) = preSolution
		Debug|Any CPU = Debug|Any CPU
		Release|Any CPU = Release|Any CPU
	EndGlobalSection
	GlobalSection(ProjectConfigurationPlatforms) = postSolution
		{735F5142-7CF9-473A-9D6C-B0754DA571CA}.Debug|Any CPU.ActiveCfg = Debug|Any CPU
		{735F5142-7CF9-473A-9D6C-B0754DA571CA}.Debug|Any CPU.Build.0 = Debug|Any CPU
		{735F5142-7CF9-473A-9D6C-B0754DA571CA}.Release|Any CPU.ActiveCfg = Release|Any CPU
		{735F5142-7CF9-473A-9D6C-B0754DA571CA}.Release|Any CPU.Build.0 = Release|Any CPU
		{E9C17E82-3578-4502-BADC-D91D0C653A96}.Debug|Any CPU.ActiveCfg = Debug|Any CPU
		{E9C17E82-3578-4502-BADC-D91D0C653A96}.Debug|Any CPU.Build.0 = Debug|Any CPU
		{E9C17E82-3578-4502-BADC-D91D0C653A96}.Release|Any CPU.ActiveCfg = Release|Any CPU
		{E9C17E82-3578-4502-BADC-D91D0C653A96}.Release|Any CPU.Build.0 = Release|Any CPU
		{EEFA9C36-3426-406F-8A85-7B6CB71E225F}.Debug|Any CPU.ActiveCfg = Debug|Any CPU
		{EEFA9C36-3426-406F-8A85-7B6CB71E225F}.Debug|Any CPU.Build.0 = Debug|Any CPU
		{EEFA9C36-3426-406F-8A85-7B6CB71E225F}.Release|Any CPU.ActiveCfg = Release|Any CPU
		{EEFA9C36-3426-406F-8A85-7B6CB71E225F}.Release|Any CPU.Build.0 = Release|Any CPU
	EndGlobalSection
	GlobalSection(SolutionProperties) = preSolution
		HideSolutionNode = FALSE
	EndGlobalSection
	GlobalSection(ExtensibilityGlobals) = postSolution
		SolutionGuid = {C2B84A98-5574-4DA8-9874-2EE6A928D1AA}
	EndGlobalSection
EndGlobal
